# This file is automatically @generated by Cargo.
# It is not intended for manual editing.
version = 4

[[package]]
name = "aaw-cli"
version = "0.1.0"
dependencies = [
 "aaw-engine",
 "aaw-model",
]

[[package]]
name = "aaw-dsp"
version = "0.1.0"

[[package]]
name = "aaw-engine"
version = "0.1.0"
dependencies = [
 "aaw-dsp",
 "aaw-model",
]

[[package]]
name = "aaw-model"
version = "0.1.0"
